// !$*UTF8*$!
{
	archiveVersion = 1;
	classes = {
	};
	objectVersion = 46;
	objects = {

/* Begin PBXBuildFile section */
		280BA7A11A772CDE00CF0BCA /* TestScrollViewViewController.m in Sources */ = {isa = PBXBuildFile; fileRef = 280BA7A01A772CDE00CF0BCA /* TestScrollViewViewController.m */; };
		280EF6E81A7889BE00EEA19A /* TestTableViewViewController.m in Sources */ = {isa = PBXBuildFile; fileRef = 280EF6E71A7889BE00EEA19A /* TestTableViewViewController.m */; };
		281262B31AAE9D5600411CD7 /* WatchKit.framework in Frameworks */ = {isa = PBXBuildFile; fileRef = 281262B21AAE9D5600411CD7 /* WatchKit.framework */; };
		283457211A806C7A00A05BC8 /* TestKitViewController.m in Sources */ = {isa = PBXBuildFile; fileRef = 283457201A806C7A00A05BC8 /* TestKitViewController.m */; };
		283457231A806D4800A05BC8 /* test.html in Resources */ = {isa = PBXBuildFile; fileRef = 283457221A806D4800A05BC8 /* test.html */; };
		283457251A806F7700A05BC8 /* taobao.gif in Resources */ = {isa = PBXBuildFile; fileRef = 283457241A806F7700A05BC8 /* taobao.gif */; };
		283457271A806F7E00A05BC8 /* hufeng.png in Resources */ = {isa = PBXBuildFile; fileRef = 283457261A806F7E00A05BC8 /* hufeng.png */; };
		2834572B1A80757E00A05BC8 /* MyTextAttachment.m in Sources */ = {isa = PBXBuildFile; fileRef = 2834572A1A80757E00A05BC8 /* MyTextAttachment.m */; };
		2834572E1A80811100A05BC8 /* MyTextView.m in Sources */ = {isa = PBXBuildFile; fileRef = 2834572D1A80811100A05BC8 /* MyTextView.m */; };
		283457351A80CC7E00A05BC8 /* MyImageFilterViewController.m in Sources */ = {isa = PBXBuildFile; fileRef = 283457341A80CC7E00A05BC8 /* MyImageFilterViewController.m */; };
		2834573A1A80D60700A05BC8 /* SecondFilterViewController.m in Sources */ = {isa = PBXBuildFile; fileRef = 283457391A80D60700A05BC8 /* SecondFilterViewController.m */; };
		2834573D1A80DD7D00A05BC8 /* ShowFilterImageViewController.m in Sources */ = {isa = PBXBuildFile; fileRef = 2834573C1A80DD7D00A05BC8 /* ShowFilterImageViewController.m */; };
		2834574B1A82006F00A05BC8 /* UIDynamicsViewController.m in Sources */ = {isa = PBXBuildFile; fileRef = 2834574A1A82006F00A05BC8 /* UIDynamicsViewController.m */; };
		2834574E1A8229AC00A05BC8 /* MyView.m in Sources */ = {isa = PBXBuildFile; fileRef = 2834574D1A8229AC00A05BC8 /* MyView.m */; };
		283457521A830C7400A05BC8 /* CircleView.m in Sources */ = {isa = PBXBuildFile; fileRef = 283457511A830C7400A05BC8 /* CircleView.m */; };
		283457551A830DFF00A05BC8 /* TestQuarzViewController.m in Sources */ = {isa = PBXBuildFile; fileRef = 283457541A830DFF00A05BC8 /* TestQuarzViewController.m */; };
		283457591A85C0C800A05BC8 /* TestNetWorkViewController.m in Sources */ = {isa = PBXBuildFile; fileRef = 283457581A85C0C800A05BC8 /* TestNetWorkViewController.m */; };
		283745E61A7B265100C1522A /* FirstViewController.m in Sources */ = {isa = PBXBuildFile; fileRef = 283745E51A7B265100C1522A /* FirstViewController.m */; };
		284EA35A1AE4891400E4750F /* AWTViewController.m in Sources */ = {isa = PBXBuildFile; fileRef = 284EA3591AE4891400E4750F /* AWTViewController.m */; };
		284EA35D1AE48F2200E4750F /* AWTTableViewCell.m in Sources */ = {isa = PBXBuildFile; fileRef = 284EA35C1AE48F2200E4750F /* AWTTableViewCell.m */; };
		284EA3641AE4D74000E4750F /* RootTransitionViewController.m in Sources */ = {isa = PBXBuildFile; fileRef = 284EA3631AE4D74000E4750F /* RootTransitionViewController.m */; };
		284EA3671AE4D74D00E4750F /* SecondTransitionViewController.m in Sources */ = {isa = PBXBuildFile; fileRef = 284EA3661AE4D74D00E4750F /* SecondTransitionViewController.m */; };
		284EA36A1AE4DA5600E4750F /* RotationPresentAnimation.m in Sources */ = {isa = PBXBuildFile; fileRef = 284EA3691AE4DA5600E4750F /* RotationPresentAnimation.m */; };
		284EA3751AE731CB00E4750F /* RunTimeViewController.m in Sources */ = {isa = PBXBuildFile; fileRef = 284EA3741AE731CB00E4750F /* RunTimeViewController.m */; };
		284EA3781AE73C2200E4750F /* UIViewController+Logging.m in Sources */ = {isa = PBXBuildFile; fileRef = 284EA3771AE73C2200E4750F /* UIViewController+Logging.m */; };
		284EA37E1AE73D3100E4750F /* SwizzleViewController.m in Sources */ = {isa = PBXBuildFile; fileRef = 284EA37D1AE73D3100E4750F /* SwizzleViewController.m */; };
		285D12941A77343D005F1A60 /* 1.png in Resources */ = {isa = PBXBuildFile; fileRef = 285D12921A77343D005F1A60 /* 1.png */; };
		285D12951A77343D005F1A60 /* 2.png in Resources */ = {isa = PBXBuildFile; fileRef = 285D12931A77343D005F1A60 /* 2.png */; };
		285D12971A7756FD005F1A60 /* 4.png in Resources */ = {isa = PBXBuildFile; fileRef = 285D12961A7756FD005F1A60 /* 4.png */; };
		285D129A1A77584D005F1A60 /* UIScrollView+Circle.m in Sources */ = {isa = PBXBuildFile; fileRef = 285D12991A77584D005F1A60 /* UIScrollView+Circle.m */; };
		2861508C1AA830B100E502C8 /* MasonryViewController.m in Sources */ = {isa = PBXBuildFile; fileRef = 2861508B1AA830B100E502C8 /* MasonryViewController.m */; };
		286462BE1A6E559E0051A3AC /* ScreenShotViewController.m in Sources */ = {isa = PBXBuildFile; fileRef = 286462BD1A6E559E0051A3AC /* ScreenShotViewController.m */; };
		286462CE1A71F9DD0051A3AC /* ImageFilterViewController.m in Sources */ = {isa = PBXBuildFile; fileRef = 286462CD1A71F9DD0051A3AC /* ImageFilterViewController.m */; };
		286462D01A71FE1F0051A3AC /* 3.png in Resources */ = {isa = PBXBuildFile; fileRef = 286462CF1A71FE1F0051A3AC /* 3.png */; };
		287087F11A89F39800E04D33 /* AnimationViewController.m in Sources */ = {isa = PBXBuildFile; fileRef = 287087F01A89F39800E04D33 /* AnimationViewController.m */; };
		28836A8D1ADCE1E1009F59CE /* MyTableViewViewController.m in Sources */ = {isa = PBXBuildFile; fileRef = 28836A8C1ADCE1E1009F59CE /* MyTableViewViewController.m */; };
		28836A901ADCE247009F59CE /* ArrayDataSource.m in Sources */ = {isa = PBXBuildFile; fileRef = 28836A8F1ADCE247009F59CE /* ArrayDataSource.m */; };
		28836A931ADCE619009F59CE /* MyTableViewCell.m in Sources */ = {isa = PBXBuildFile; fileRef = 28836A921ADCE619009F59CE /* MyTableViewCell.m */; };
		28836A961ADCE6DB009F59CE /* UserModel.m in Sources */ = {isa = PBXBuildFile; fileRef = 28836A951ADCE6DB009F59CE /* UserModel.m */; };
		28836A9A1ADCF423009F59CE /* MyTableViewCell+ConfigCellWithUserModel.m in Sources */ = {isa = PBXBuildFile; fileRef = 28836A991ADCF423009F59CE /* MyTableViewCell+ConfigCellWithUserModel.m */; };
		28836AA31ADDF3DA009F59CE /* LabelAutoFitViewController.m in Sources */ = {isa = PBXBuildFile; fileRef = 28836AA21ADDF3DA009F59CE /* LabelAutoFitViewController.m */; };
		28836AA71ADDFC4C009F59CE /* ToolBarViewController.m in Sources */ = {isa = PBXBuildFile; fileRef = 28836AA61ADDFC4C009F59CE /* ToolBarViewController.m */; };
		289020741A8B69F000515E12 /* OpenGLES.framework in Frameworks */ = {isa = PBXBuildFile; fileRef = 289020731A8B69F000515E12 /* OpenGLES.framework */; };
		28B24B041A8DF04000472342 /* JavaScriptCore.framework in Frameworks */ = {isa = PBXBuildFile; fileRef = 28B24B031A8DF04000472342 /* JavaScriptCore.framework */; };
		28B24B071A8DFC5600472342 /* MyImageView.m in Sources */ = {isa = PBXBuildFile; fileRef = 28B24B061A8DFC5600472342 /* MyImageView.m */; };
		28B525F71A8B4928003485CE /* libReveal.dylib in Resources */ = {isa = PBXBuildFile; fileRef = 28B525F51A8B4716003485CE /* libReveal.dylib */; };
		28B525F91A8B49F7003485CE /* libz.dylib in Frameworks */ = {isa = PBXBuildFile; fileRef = 28B525F81A8B49F7003485CE /* libz.dylib */; };
		28B525FB1A8B4A02003485CE /* CFNetwork.framework in Frameworks */ = {isa = PBXBuildFile; fileRef = 28B525FA1A8B4A02003485CE /* CFNetwork.framework */; };
		28B525FD1A8B4A0B003485CE /* QuartzCore.framework in Frameworks */ = {isa = PBXBuildFile; fileRef = 28B525FC1A8B4A0B003485CE /* QuartzCore.framework */; };
		28B525FF1A8B4A15003485CE /* CoreGraphics.framework in Frameworks */ = {isa = PBXBuildFile; fileRef = 28B525FE1A8B4A15003485CE /* CoreGraphics.framework */; };
		28D0C98C1A7B2182003767DF /* TestImagePickerViewController.m in Sources */ = {isa = PBXBuildFile; fileRef = 28D0C98B1A7B2182003767DF /* TestImagePickerViewController.m */; };
		28E4B10D1A6A2B400015D0D8 /* main.m in Sources */ = {isa = PBXBuildFile; fileRef = 28E4B10C1A6A2B400015D0D8 /* main.m */; };
		28E4B1101A6A2B400015D0D8 /* AppDelegate.m in Sources */ = {isa = PBXBuildFile; fileRef = 28E4B10F1A6A2B400015D0D8 /* AppDelegate.m */; };
		28E4B1131A6A2B400015D0D8 /* ViewController.m in Sources */ = {isa = PBXBuildFile; fileRef = 28E4B1121A6A2B400015D0D8 /* ViewController.m */; };
		28E4B1181A6A2B400015D0D8 /* Images.xcassets in Resources */ = {isa = PBXBuildFile; fileRef = 28E4B1171A6A2B400015D0D8 /* Images.xcassets */; };
		28E4B1271A6A2B400015D0D8 /* test4Tests.m in Sources */ = {isa = PBXBuildFile; fileRef = 28E4B1261A6A2B400015D0D8 /* test4Tests.m */; };
		28E4B1311A6A2E300015D0D8 /* a@2x.png in Resources */ = {isa = PBXBuildFile; fileRef = 28E4B1301A6A2E300015D0D8 /* a@2x.png */; };
		28E4B1351A6A32050015D0D8 /* Default-375w-667h@2x.png in Resources */ = {isa = PBXBuildFile; fileRef = 28E4B1341A6A32050015D0D8 /* Default-375w-667h@2x.png */; };
		28E4B1371A6A33280015D0D8 /* b@2x.png in Resources */ = {isa = PBXBuildFile; fileRef = 28E4B1361A6A33280015D0D8 /* b@2x.png */; };
		28E4B1391A6A33C50015D0D8 /* c@2x.png in Resources */ = {isa = PBXBuildFile; fileRef = 28E4B1381A6A33C50015D0D8 /* c@2x.png */; };
		28EA23CD1AA58E4000FBC8DB /* AutoLayoutViewController.m in Sources */ = {isa = PBXBuildFile; fileRef = 28EA23CC1AA58E4000FBC8DB /* AutoLayoutViewController.m */; };
		70BD6F4624A5608CAA3FD203 /* libPods.a in Frameworks */ = {isa = PBXBuildFile; fileRef = 1DB3D1D5728427378DE9075B /* libPods.a */; };
/* End PBXBuildFile section */

/* Begin PBXContainerItemProxy section */
		28E4B1211A6A2B400015D0D8 /* PBXContainerItemProxy */ = {
			isa = PBXContainerItemProxy;
			containerPortal = 28E4B0FF1A6A2B400015D0D8 /* Project object */;
			proxyType = 1;
			remoteGlobalIDString = 28E4B1061A6A2B400015D0D8;
			remoteInfo = test4;
		};
/* End PBXContainerItemProxy section */

/* Begin PBXFileReference section */
		1DB3D1D5728427378DE9075B /* libPods.a */ = {isa = PBXFileReference; explicitFileType = archive.ar; includeInIndex = 0; path = libPods.a; sourceTree = BUILT_PRODUCTS_DIR; };
		23573E5FC435C7A793F49C25 /* Pods.release.xcconfig */ = {isa = PBXFileReference; includeInIndex = 1; lastKnownFileType = text.xcconfig; name = Pods.release.xcconfig; path = "Pods/Target Support Files/Pods/Pods.release.xcconfig"; sourceTree = "<group>"; };
		280BA79F1A772CDE00CF0BCA /* TestScrollViewViewController.h */ = {isa = PBXFileReference; fileEncoding = 4; lastKnownFileType = sourcecode.c.h; path = TestScrollViewViewController.h; sourceTree = "<group>"; };
		280BA7A01A772CDE00CF0BCA /* TestScrollViewViewController.m */ = {isa = PBXFileReference; fileEncoding = 4; lastKnownFileType = sourcecode.c.objc; path = TestScrollViewViewController.m; sourceTree = "<group>"; };
		280EF6E61A7889BE00EEA19A /* TestTableViewViewController.h */ = {isa = PBXFileReference; fileEncoding = 4; lastKnownFileType = sourcecode.c.h; path = TestTableViewViewController.h; sourceTree = "<group>"; };
		280EF6E71A7889BE00EEA19A /* TestTableViewViewController.m */ = {isa = PBXFileReference; fileEncoding = 4; lastKnownFileType = sourcecode.c.objc; path = TestTableViewViewController.m; sourceTree = "<group>"; };
		281262B21AAE9D5600411CD7 /* WatchKit.framework */ = {isa = PBXFileReference; lastKnownFileType = wrapper.framework; name = WatchKit.framework; path = System/Library/Frameworks/WatchKit.framework; sourceTree = SDKROOT; };
		2834571F1A806C7A00A05BC8 /* TestKitViewController.h */ = {isa = PBXFileReference; fileEncoding = 4; lastKnownFileType = sourcecode.c.h; path = TestKitViewController.h; sourceTree = "<group>"; };
		283457201A806C7A00A05BC8 /* TestKitViewController.m */ = {isa = PBXFileReference; fileEncoding = 4; lastKnownFileType = sourcecode.c.objc; path = TestKitViewController.m; sourceTree = "<group>"; };
		283457221A806D4800A05BC8 /* test.html */ = {isa = PBXFileReference; fileEncoding = 4; lastKnownFileType = text.html; path = test.html; sourceTree = "<group>"; };
		283457241A806F7700A05BC8 /* taobao.gif */ = {isa = PBXFileReference; lastKnownFileType = image.gif; path = taobao.gif; sourceTree = "<group>"; };
		283457261A806F7E00A05BC8 /* hufeng.png */ = {isa = PBXFileReference; lastKnownFileType = image.png; path = hufeng.png; sourceTree = "<group>"; };
		283457291A80757E00A05BC8 /* MyTextAttachment.h */ = {isa = PBXFileReference; fileEncoding = 4; lastKnownFileType = sourcecode.c.h; path = MyTextAttachment.h; sourceTree = "<group>"; };
		2834572A1A80757E00A05BC8 /* MyTextAttachment.m */ = {isa = PBXFileReference; fileEncoding = 4; lastKnownFileType = sourcecode.c.objc; path = MyTextAttachment.m; sourceTree = "<group>"; };
		2834572C1A80811100A05BC8 /* MyTextView.h */ = {isa = PBXFileReference; fileEncoding = 4; lastKnownFileType = sourcecode.c.h; path = MyTextView.h; sourceTree = "<group>"; };
		2834572D1A80811100A05BC8 /* MyTextView.m */ = {isa = PBXFileReference; fileEncoding = 4; lastKnownFileType = sourcecode.c.objc; path = MyTextView.m; sourceTree = "<group>"; };
		283457331A80CC7E00A05BC8 /* MyImageFilterViewController.h */ = {isa = PBXFileReference; fileEncoding = 4; lastKnownFileType = sourcecode.c.h; path = MyImageFilterViewController.h; sourceTree = "<group>"; };
		283457341A80CC7E00A05BC8 /* MyImageFilterViewController.m */ = {isa = PBXFileReference; fileEncoding = 4; lastKnownFileType = sourcecode.c.objc; path = MyImageFilterViewController.m; sourceTree = "<group>"; };
		283457381A80D60700A05BC8 /* SecondFilterViewController.h */ = {isa = PBXFileReference; fileEncoding = 4; lastKnownFileType = sourcecode.c.h; path = SecondFilterViewController.h; sourceTree = "<group>"; };
		283457391A80D60700A05BC8 /* SecondFilterViewController.m */ = {isa = PBXFileReference; fileEncoding = 4; lastKnownFileType = sourcecode.c.objc; path = SecondFilterViewController.m; sourceTree = "<group>"; };
		2834573B1A80DD7D00A05BC8 /* ShowFilterImageViewController.h */ = {isa = PBXFileReference; fileEncoding = 4; lastKnownFileType = sourcecode.c.h; path = ShowFilterImageViewController.h; sourceTree = "<group>"; };
		2834573C1A80DD7D00A05BC8 /* ShowFilterImageViewController.m */ = {isa = PBXFileReference; fileEncoding = 4; lastKnownFileType = sourcecode.c.objc; path = ShowFilterImageViewController.m; sourceTree = "<group>"; };
		283457491A82006F00A05BC8 /* UIDynamicsViewController.h */ = {isa = PBXFileReference; fileEncoding = 4; lastKnownFileType = sourcecode.c.h; path = UIDynamicsViewController.h; sourceTree = "<group>"; };
		2834574A1A82006F00A05BC8 /* UIDynamicsViewController.m */ = {isa = PBXFileReference; fileEncoding = 4; lastKnownFileType = sourcecode.c.objc; path = UIDynamicsViewController.m; sourceTree = "<group>"; };
		2834574C1A8229AC00A05BC8 /* MyView.h */ = {isa = PBXFileReference; fileEncoding = 4; lastKnownFileType = sourcecode.c.h; path = MyView.h; sourceTree = "<group>"; };
		2834574D1A8229AC00A05BC8 /* MyView.m */ = {isa = PBXFileReference; fileEncoding = 4; lastKnownFileType = sourcecode.c.objc; path = MyView.m; sourceTree = "<group>"; };
		283457501A830C7400A05BC8 /* CircleView.h */ = {isa = PBXFileReference; fileEncoding = 4; lastKnownFileType = sourcecode.c.h; path = CircleView.h; sourceTree = "<group>"; };
		283457511A830C7400A05BC8 /* CircleView.m */ = {isa = PBXFileReference; fileEncoding = 4; lastKnownFileType = sourcecode.c.objc; path = CircleView.m; sourceTree = "<group>"; };
		283457531A830DFF00A05BC8 /* TestQuarzViewController.h */ = {isa = PBXFileReference; fileEncoding = 4; lastKnownFileType = sourcecode.c.h; path = TestQuarzViewController.h; sourceTree = "<group>"; };
		283457541A830DFF00A05BC8 /* TestQuarzViewController.m */ = {isa = PBXFileReference; fileEncoding = 4; lastKnownFileType = sourcecode.c.objc; path = TestQuarzViewController.m; sourceTree = "<group>"; };
		283457571A85C0C800A05BC8 /* TestNetWorkViewController.h */ = {isa = PBXFileReference; fileEncoding = 4; lastKnownFileType = sourcecode.c.h; path = TestNetWorkViewController.h; sourceTree = "<group>"; };
		283457581A85C0C800A05BC8 /* TestNetWorkViewController.m */ = {isa = PBXFileReference; fileEncoding = 4; lastKnownFileType = sourcecode.c.objc; path = TestNetWorkViewController.m; sourceTree = "<group>"; };
		283745E41A7B265100C1522A /* FirstViewController.h */ = {isa = PBXFileReference; fileEncoding = 4; lastKnownFileType = sourcecode.c.h; path = FirstViewController.h; sourceTree = "<group>"; };
		283745E51A7B265100C1522A /* FirstViewController.m */ = {isa = PBXFileReference; fileEncoding = 4; lastKnownFileType = sourcecode.c.objc; path = FirstViewController.m; sourceTree = "<group>"; };
		284EA3581AE4891400E4750F /* AWTViewController.h */ = {isa = PBXFileReference; fileEncoding = 4; lastKnownFileType = sourcecode.c.h; path = AWTViewController.h; sourceTree = "<group>"; };
		284EA3591AE4891400E4750F /* AWTViewController.m */ = {isa = PBXFileReference; fileEncoding = 4; lastKnownFileType = sourcecode.c.objc; path = AWTViewController.m; sourceTree = "<group>"; };
		284EA35B1AE48F2200E4750F /* AWTTableViewCell.h */ = {isa = PBXFileReference; fileEncoding = 4; lastKnownFileType = sourcecode.c.h; path = AWTTableViewCell.h; sourceTree = "<group>"; };
		284EA35C1AE48F2200E4750F /* AWTTableViewCell.m */ = {isa = PBXFileReference; fileEncoding = 4; lastKnownFileType = sourcecode.c.objc; path = AWTTableViewCell.m; sourceTree = "<group>"; };
		284EA3621AE4D74000E4750F /* RootTransitionViewController.h */ = {isa = PBXFileReference; fileEncoding = 4; lastKnownFileType = sourcecode.c.h; path = RootTransitionViewController.h; sourceTree = "<group>"; };
		284EA3631AE4D74000E4750F /* RootTransitionViewController.m */ = {isa = PBXFileReference; fileEncoding = 4; lastKnownFileType = sourcecode.c.objc; path = RootTransitionViewController.m; sourceTree = "<group>"; };
		284EA3651AE4D74D00E4750F /* SecondTransitionViewController.h */ = {isa = PBXFileReference; fileEncoding = 4; lastKnownFileType = sourcecode.c.h; path = SecondTransitionViewController.h; sourceTree = "<group>"; };
		284EA3661AE4D74D00E4750F /* SecondTransitionViewController.m */ = {isa = PBXFileReference; fileEncoding = 4; lastKnownFileType = sourcecode.c.objc; path = SecondTransitionViewController.m; sourceTree = "<group>"; };
		284EA3681AE4DA5600E4750F /* RotationPresentAnimation.h */ = {isa = PBXFileReference; fileEncoding = 4; lastKnownFileType = sourcecode.c.h; path = RotationPresentAnimation.h; sourceTree = "<group>"; };
		284EA3691AE4DA5600E4750F /* RotationPresentAnimation.m */ = {isa = PBXFileReference; fileEncoding = 4; lastKnownFileType = sourcecode.c.objc; path = RotationPresentAnimation.m; sourceTree = "<group>"; };
		284EA3731AE731CB00E4750F /* RunTimeViewController.h */ = {isa = PBXFileReference; fileEncoding = 4; lastKnownFileType = sourcecode.c.h; path = RunTimeViewController.h; sourceTree = "<group>"; };
		284EA3741AE731CB00E4750F /* RunTimeViewController.m */ = {isa = PBXFileReference; fileEncoding = 4; lastKnownFileType = sourcecode.c.objc; path = RunTimeViewController.m; sourceTree = "<group>"; };
		284EA3761AE73C2200E4750F /* UIViewController+Logging.h */ = {isa = PBXFileReference; fileEncoding = 4; lastKnownFileType = sourcecode.c.h; path = "UIViewController+Logging.h"; sourceTree = "<group>"; };
		284EA3771AE73C2200E4750F /* UIViewController+Logging.m */ = {isa = PBXFileReference; fileEncoding = 4; lastKnownFileType = sourcecode.c.objc; path = "UIViewController+Logging.m"; sourceTree = "<group>"; };
		284EA37C1AE73D3100E4750F /* SwizzleViewController.h */ = {isa = PBXFileReference; fileEncoding = 4; lastKnownFileType = sourcecode.c.h; path = SwizzleViewController.h; sourceTree = "<group>"; };
		284EA37D1AE73D3100E4750F /* SwizzleViewController.m */ = {isa = PBXFileReference; fileEncoding = 4; lastKnownFileType = sourcecode.c.objc; path = SwizzleViewController.m; sourceTree = "<group>"; };
		285D12921A77343D005F1A60 /* 1.png */ = {isa = PBXFileReference; lastKnownFileType = image.png; path = 1.png; sourceTree = "<group>"; };
		285D12931A77343D005F1A60 /* 2.png */ = {isa = PBXFileReference; lastKnownFileType = image.png; path = 2.png; sourceTree = "<group>"; };
		285D12961A7756FD005F1A60 /* 4.png */ = {isa = PBXFileReference; lastKnownFileType = image.png; path = 4.png; sourceTree = "<group>"; };
		285D12981A77584D005F1A60 /* UIScrollView+Circle.h */ = {isa = PBXFileReference; fileEncoding = 4; lastKnownFileType = sourcecode.c.h; path = "UIScrollView+Circle.h"; sourceTree = "<group>"; };
		285D12991A77584D005F1A60 /* UIScrollView+Circle.m */ = {isa = PBXFileReference; fileEncoding = 4; lastKnownFileType = sourcecode.c.objc; path = "UIScrollView+Circle.m"; sourceTree = "<group>"; };
		2861508A1AA830B100E502C8 /* MasonryViewController.h */ = {isa = PBXFileReference; fileEncoding = 4; lastKnownFileType = sourcecode.c.h; path = MasonryViewController.h; sourceTree = "<group>"; };
		2861508B1AA830B100E502C8 /* MasonryViewController.m */ = {isa = PBXFileReference; fileEncoding = 4; lastKnownFileType = sourcecode.c.objc; path = MasonryViewController.m; sourceTree = "<group>"; };
		286462BC1A6E559E0051A3AC /* ScreenShotViewController.h */ = {isa = PBXFileReference; fileEncoding = 4; lastKnownFileType = sourcecode.c.h; path = ScreenShotViewController.h; sourceTree = "<group>"; };
		286462BD1A6E559E0051A3AC /* ScreenShotViewController.m */ = {isa = PBXFileReference; fileEncoding = 4; lastKnownFileType = sourcecode.c.objc; path = ScreenShotViewController.m; sourceTree = "<group>"; };
		286462CC1A71F9DD0051A3AC /* ImageFilterViewController.h */ = {isa = PBXFileReference; fileEncoding = 4; lastKnownFileType = sourcecode.c.h; path = ImageFilterViewController.h; sourceTree = "<group>"; };
		286462CD1A71F9DD0051A3AC /* ImageFilterViewController.m */ = {isa = PBXFileReference; fileEncoding = 4; lastKnownFileType = sourcecode.c.objc; path = ImageFilterViewController.m; sourceTree = "<group>"; };
		286462CF1A71FE1F0051A3AC /* 3.png */ = {isa = PBXFileReference; lastKnownFileType = image.png; path = 3.png; sourceTree = "<group>"; };
		287087EF1A89F39800E04D33 /* AnimationViewController.h */ = {isa = PBXFileReference; fileEncoding = 4; lastKnownFileType = sourcecode.c.h; path = AnimationViewController.h; sourceTree = "<group>"; };
		287087F01A89F39800E04D33 /* AnimationViewController.m */ = {isa = PBXFileReference; fileEncoding = 4; lastKnownFileType = sourcecode.c.objc; path = AnimationViewController.m; sourceTree = "<group>"; };
		28836A8B1ADCE1E1009F59CE /* MyTableViewViewController.h */ = {isa = PBXFileReference; fileEncoding = 4; lastKnownFileType = sourcecode.c.h; path = MyTableViewViewController.h; sourceTree = "<group>"; };
		28836A8C1ADCE1E1009F59CE /* MyTableViewViewController.m */ = {isa = PBXFileReference; fileEncoding = 4; lastKnownFileType = sourcecode.c.objc; path = MyTableViewViewController.m; sourceTree = "<group>"; };
		28836A8E1ADCE247009F59CE /* ArrayDataSource.h */ = {isa = PBXFileReference; fileEncoding = 4; lastKnownFileType = sourcecode.c.h; path = ArrayDataSource.h; sourceTree = "<group>"; };
		28836A8F1ADCE247009F59CE /* ArrayDataSource.m */ = {isa = PBXFileReference; fileEncoding = 4; lastKnownFileType = sourcecode.c.objc; path = ArrayDataSource.m; sourceTree = "<group>"; };
		28836A911ADCE619009F59CE /* MyTableViewCell.h */ = {isa = PBXFileReference; fileEncoding = 4; lastKnownFileType = sourcecode.c.h; path = MyTableViewCell.h; sourceTree = "<group>"; };
		28836A921ADCE619009F59CE /* MyTableViewCell.m */ = {isa = PBXFileReference; fileEncoding = 4; lastKnownFileType = sourcecode.c.objc; path = MyTableViewCell.m; sourceTree = "<group>"; };
		28836A941ADCE6DB009F59CE /* UserModel.h */ = {isa = PBXFileReference; fileEncoding = 4; lastKnownFileType = sourcecode.c.h; path = UserModel.h; sourceTree = "<group>"; };
		28836A951ADCE6DB009F59CE /* UserModel.m */ = {isa = PBXFileReference; fileEncoding = 4; lastKnownFileType = sourcecode.c.objc; path = UserModel.m; sourceTree = "<group>"; };
		28836A981ADCF423009F59CE /* MyTableViewCell+ConfigCellWithUserModel.h */ = {isa = PBXFileReference; fileEncoding = 4; lastKnownFileType = sourcecode.c.h; path = "MyTableViewCell+ConfigCellWithUserModel.h"; sourceTree = "<group>"; };
		28836A991ADCF423009F59CE /* MyTableViewCell+ConfigCellWithUserModel.m */ = {isa = PBXFileReference; fileEncoding = 4; lastKnownFileType = sourcecode.c.objc; path = "MyTableViewCell+ConfigCellWithUserModel.m"; sourceTree = "<group>"; };
		28836AA11ADDF3DA009F59CE /* LabelAutoFitViewController.h */ = {isa = PBXFileReference; fileEncoding = 4; lastKnownFileType = sourcecode.c.h; path = LabelAutoFitViewController.h; sourceTree = "<group>"; };
		28836AA21ADDF3DA009F59CE /* LabelAutoFitViewController.m */ = {isa = PBXFileReference; fileEncoding = 4; lastKnownFileType = sourcecode.c.objc; path = LabelAutoFitViewController.m; sourceTree = "<group>"; };
		28836AA51ADDFC4C009F59CE /* ToolBarViewController.h */ = {isa = PBXFileReference; fileEncoding = 4; lastKnownFileType = sourcecode.c.h; path = ToolBarViewController.h; sourceTree = "<group>"; };
		28836AA61ADDFC4C009F59CE /* ToolBarViewController.m */ = {isa = PBXFileReference; fileEncoding = 4; lastKnownFileType = sourcecode.c.objc; path = ToolBarViewController.m; sourceTree = "<group>"; };
		28836AA81ADE3F85009F59CE /* test4.pch */ = {isa = PBXFileReference; lastKnownFileType = sourcecode.c.h; path = test4.pch; sourceTree = "<group>"; };
		289020731A8B69F000515E12 /* OpenGLES.framework */ = {isa = PBXFileReference; lastKnownFileType = wrapper.framework; name = OpenGLES.framework; path = System/Library/Frameworks/OpenGLES.framework; sourceTree = SDKROOT; };
		28B24B031A8DF04000472342 /* JavaScriptCore.framework */ = {isa = PBXFileReference; lastKnownFileType = wrapper.framework; name = JavaScriptCore.framework; path = System/Library/Frameworks/JavaScriptCore.framework; sourceTree = SDKROOT; };
		28B24B051A8DFC5600472342 /* MyImageView.h */ = {isa = PBXFileReference; fileEncoding = 4; lastKnownFileType = sourcecode.c.h; path = MyImageView.h; sourceTree = "<group>"; };
		28B24B061A8DFC5600472342 /* MyImageView.m */ = {isa = PBXFileReference; fileEncoding = 4; lastKnownFileType = sourcecode.c.objc; path = MyImageView.m; sourceTree = "<group>"; };
		28B525F31A8B43A9003485CE /* Reveal.framework */ = {isa = PBXFileReference; lastKnownFileType = wrapper.framework; path = Reveal.framework; sourceTree = "<group>"; };
		28B525F51A8B4716003485CE /* libReveal.dylib */ = {isa = PBXFileReference; lastKnownFileType = "compiled.mach-o.dylib"; path = libReveal.dylib; sourceTree = "<group>"; };
		28B525F81A8B49F7003485CE /* libz.dylib */ = {isa = PBXFileReference; lastKnownFileType = "compiled.mach-o.dylib"; name = libz.dylib; path = usr/lib/libz.dylib; sourceTree = SDKROOT; };
		28B525FA1A8B4A02003485CE /* CFNetwork.framework */ = {isa = PBXFileReference; lastKnownFileType = wrapper.framework; name = CFNetwork.framework; path = System/Library/Frameworks/CFNetwork.framework; sourceTree = SDKROOT; };
		28B525FC1A8B4A0B003485CE /* QuartzCore.framework */ = {isa = PBXFileReference; lastKnownFileType = wrapper.framework; name = QuartzCore.framework; path = System/Library/Frameworks/QuartzCore.framework; sourceTree = SDKROOT; };
		28B525FE1A8B4A15003485CE /* CoreGraphics.framework */ = {isa = PBXFileReference; lastKnownFileType = wrapper.framework; name = CoreGraphics.framework; path = System/Library/Frameworks/CoreGraphics.framework; sourceTree = SDKROOT; };
		28D0C98A1A7B2182003767DF /* TestImagePickerViewController.h */ = {isa = PBXFileReference; fileEncoding = 4; lastKnownFileType = sourcecode.c.h; path = TestImagePickerViewController.h; sourceTree = "<group>"; };
		28D0C98B1A7B2182003767DF /* TestImagePickerViewController.m */ = {isa = PBXFileReference; fileEncoding = 4; lastKnownFileType = sourcecode.c.objc; path = TestImagePickerViewController.m; sourceTree = "<group>"; };
		28E4B1071A6A2B400015D0D8 /* test4.app */ = {isa = PBXFileReference; explicitFileType = wrapper.application; includeInIndex = 0; path = test4.app; sourceTree = BUILT_PRODUCTS_DIR; };
		28E4B10B1A6A2B400015D0D8 /* Info.plist */ = {isa = PBXFileReference; lastKnownFileType = text.plist.xml; path = Info.plist; sourceTree = "<group>"; };
		28E4B10C1A6A2B400015D0D8 /* main.m */ = {isa = PBXFileReference; lastKnownFileType = sourcecode.c.objc; path = main.m; sourceTree = "<group>"; };
		28E4B10E1A6A2B400015D0D8 /* AppDelegate.h */ = {isa = PBXFileReference; lastKnownFileType = sourcecode.c.h; path = AppDelegate.h; sourceTree = "<group>"; };
		28E4B10F1A6A2B400015D0D8 /* AppDelegate.m */ = {isa = PBXFileReference; lastKnownFileType = sourcecode.c.objc; path = AppDelegate.m; sourceTree = "<group>"; };
		28E4B1111A6A2B400015D0D8 /* ViewController.h */ = {isa = PBXFileReference; lastKnownFileType = sourcecode.c.h; path = ViewController.h; sourceTree = "<group>"; };
		28E4B1121A6A2B400015D0D8 /* ViewController.m */ = {isa = PBXFileReference; lastKnownFileType = sourcecode.c.objc; path = ViewController.m; sourceTree = "<group>"; };
		28E4B1171A6A2B400015D0D8 /* Images.xcassets */ = {isa = PBXFileReference; lastKnownFileType = folder.assetcatalog; path = Images.xcassets; sourceTree = "<group>"; };
		28E4B1201A6A2B400015D0D8 /* test4Tests.xctest */ = {isa = PBXFileReference; explicitFileType = wrapper.cfbundle; includeInIndex = 0; path = test4Tests.xctest; sourceTree = BUILT_PRODUCTS_DIR; };
		28E4B1251A6A2B400015D0D8 /* Info.plist */ = {isa = PBXFileReference; lastKnownFileType = text.plist.xml; path = Info.plist; sourceTree = "<group>"; };
		28E4B1261A6A2B400015D0D8 /* test4Tests.m */ = {isa = PBXFileReference; lastKnownFileType = sourcecode.c.objc; path = test4Tests.m; sourceTree = "<group>"; };
		28E4B1301A6A2E300015D0D8 /* a@2x.png */ = {isa = PBXFileReference; lastKnownFileType = image.png; path = "a@2x.png"; sourceTree = "<group>"; };
		28E4B1341A6A32050015D0D8 /* Default-375w-667h@2x.png */ = {isa = PBXFileReference; lastKnownFileType = image.png; path = "Default-375w-667h@2x.png"; sourceTree = "<group>"; };
		28E4B1361A6A33280015D0D8 /* b@2x.png */ = {isa = PBXFileReference; lastKnownFileType = image.png; path = "b@2x.png"; sourceTree = "<group>"; };
		28E4B1381A6A33C50015D0D8 /* c@2x.png */ = {isa = PBXFileReference; lastKnownFileType = image.png; path = "c@2x.png"; sourceTree = "<group>"; };
		28EA23CB1AA58E4000FBC8DB /* AutoLayoutViewController.h */ = {isa = PBXFileReference; fileEncoding = 4; lastKnownFileType = sourcecode.c.h; path = AutoLayoutViewController.h; sourceTree = "<group>"; };
		28EA23CC1AA58E4000FBC8DB /* AutoLayoutViewController.m */ = {isa = PBXFileReference; fileEncoding = 4; lastKnownFileType = sourcecode.c.objc; path = AutoLayoutViewController.m; sourceTree = "<group>"; };
		9A76057C1632FFC4DB7308EE /* Pods.debug.xcconfig */ = {isa = PBXFileReference; includeInIndex = 1; lastKnownFileType = text.xcconfig; name = Pods.debug.xcconfig; path = "Pods/Target Support Files/Pods/Pods.debug.xcconfig"; sourceTree = "<group>"; };
/* End PBXFileReference section */

/* Begin PBXFrameworksBuildPhase section */
		28E4B1041A6A2B400015D0D8 /* Frameworks */ = {
			isa = PBXFrameworksBuildPhase;
			buildActionMask = 2147483647;
			files = (
				281262B31AAE9D5600411CD7 /* WatchKit.framework in Frameworks */,
				28B24B041A8DF04000472342 /* JavaScriptCore.framework in Frameworks */,
				289020741A8B69F000515E12 /* OpenGLES.framework in Frameworks */,
				28B525FF1A8B4A15003485CE /* CoreGraphics.framework in Frameworks */,
				28B525FD1A8B4A0B003485CE /* QuartzCore.framework in Frameworks */,
				28B525FB1A8B4A02003485CE /* CFNetwork.framework in Frameworks */,
				28B525F91A8B49F7003485CE /* libz.dylib in Frameworks */,
				70BD6F4624A5608CAA3FD203 /* libPods.a in Frameworks */,
			);
			runOnlyForDeploymentPostprocessing = 0;
		};
		28E4B11D1A6A2B400015D0D8 /* Frameworks */ = {
			isa = PBXFrameworksBuildPhase;
			buildActionMask = 2147483647;
			files = (
			);
			runOnlyForDeploymentPostprocessing = 0;
		};
/* End PBXFrameworksBuildPhase section */

/* Begin PBXGroup section */
		0231600BEB99098D2A530F92 /* Frameworks */ = {
			isa = PBXGroup;
			children = (
				281262B21AAE9D5600411CD7 /* WatchKit.framework */,
				1DB3D1D5728427378DE9075B /* libPods.a */,
			);
			name = Frameworks;
			sourceTree = "<group>";
		};
		283457281A80755D00A05BC8 /* textkit */ = {
			isa = PBXGroup;
			children = (
				2834571F1A806C7A00A05BC8 /* TestKitViewController.h */,
				283457201A806C7A00A05BC8 /* TestKitViewController.m */,
				283457291A80757E00A05BC8 /* MyTextAttachment.h */,
				2834572A1A80757E00A05BC8 /* MyTextAttachment.m */,
				2834572C1A80811100A05BC8 /* MyTextView.h */,
				2834572D1A80811100A05BC8 /* MyTextView.m */,
			);
			name = textkit;
			sourceTree = "<group>";
		};
		283457321A80CC6100A05BC8 /* coreImage */ = {
			isa = PBXGroup;
			children = (
				283457331A80CC7E00A05BC8 /* MyImageFilterViewController.h */,
				283457341A80CC7E00A05BC8 /* MyImageFilterViewController.m */,
				283457381A80D60700A05BC8 /* SecondFilterViewController.h */,
				283457391A80D60700A05BC8 /* SecondFilterViewController.m */,
				2834573B1A80DD7D00A05BC8 /* ShowFilterImageViewController.h */,
				2834573C1A80DD7D00A05BC8 /* ShowFilterImageViewController.m */,
				28B24B051A8DFC5600472342 /* MyImageView.h */,
				28B24B061A8DFC5600472342 /* MyImageView.m */,
			);
			name = coreImage;
			sourceTree = "<group>";
		};
		283457481A82004200A05BC8 /* UIDynamics */ = {
			isa = PBXGroup;
			children = (
				283457491A82006F00A05BC8 /* UIDynamicsViewController.h */,
				2834574A1A82006F00A05BC8 /* UIDynamicsViewController.m */,
			);
			name = UIDynamics;
			sourceTree = "<group>";
		};
		2834574F1A830C2C00A05BC8 /* clircle */ = {
			isa = PBXGroup;
			children = (
				283457501A830C7400A05BC8 /* CircleView.h */,
				283457511A830C7400A05BC8 /* CircleView.m */,
				283457531A830DFF00A05BC8 /* TestQuarzViewController.h */,
				283457541A830DFF00A05BC8 /* TestQuarzViewController.m */,
			);
			name = clircle;
			sourceTree = "<group>";
		};
		283457561A85C0B400A05BC8 /* network */ = {
			isa = PBXGroup;
			children = (
				283457571A85C0C800A05BC8 /* TestNetWorkViewController.h */,
				283457581A85C0C800A05BC8 /* TestNetWorkViewController.m */,
			);
			name = network;
			sourceTree = "<group>";
		};
		284EA3571AE488CC00E4750F /* AutoLayoutWithTableView */ = {
			isa = PBXGroup;
			children = (
				284EA3581AE4891400E4750F /* AWTViewController.h */,
				284EA3591AE4891400E4750F /* AWTViewController.m */,
				284EA35B1AE48F2200E4750F /* AWTTableViewCell.h */,
				284EA35C1AE48F2200E4750F /* AWTTableViewCell.m */,
			);
			name = AutoLayoutWithTableView;
			sourceTree = "<group>";
		};
		284EA3611AE4D6F800E4750F /* 自定义转场动画 */ = {
			isa = PBXGroup;
			children = (
				284EA3621AE4D74000E4750F /* RootTransitionViewController.h */,
				284EA3631AE4D74000E4750F /* RootTransitionViewController.m */,
				284EA3651AE4D74D00E4750F /* SecondTransitionViewController.h */,
				284EA3661AE4D74D00E4750F /* SecondTransitionViewController.m */,
				284EA3681AE4DA5600E4750F /* RotationPresentAnimation.h */,
				284EA3691AE4DA5600E4750F /* RotationPresentAnimation.m */,
			);
			name = "自定义转场动画";
			sourceTree = "<group>";
		};
		284EA3721AE7318E00E4750F /* runtime例子 */ = {
			isa = PBXGroup;
			children = (
				284EA3731AE731CB00E4750F /* RunTimeViewController.h */,
				284EA3741AE731CB00E4750F /* RunTimeViewController.m */,
				284EA3761AE73C2200E4750F /* UIViewController+Logging.h */,
				284EA3771AE73C2200E4750F /* UIViewController+Logging.m */,
				284EA37C1AE73D3100E4750F /* SwizzleViewController.h */,
				284EA37D1AE73D3100E4750F /* SwizzleViewController.m */,
			);
			name = "runtime例子";
			sourceTree = "<group>";
		};
		286150681AA82C6700E502C8 /* Masonry例子 */ = {
			isa = PBXGroup;
			children = (
				2861508A1AA830B100E502C8 /* MasonryViewController.h */,
				2861508B1AA830B100E502C8 /* MasonryViewController.m */,
			);
			name = "Masonry例子";
			sourceTree = "<group>";
		};
		287087EE1A89F35200E04D33 /* CALayer动画 */ = {
			isa = PBXGroup;
			children = (
				287087EF1A89F39800E04D33 /* AnimationViewController.h */,
				287087F01A89F39800E04D33 /* AnimationViewController.m */,
			);
			name = "CALayer动画";
			sourceTree = "<group>";
		};
		28836A8A1ADCE1BC009F59CE /* tableView精简 */ = {
			isa = PBXGroup;
			children = (
				28836A8B1ADCE1E1009F59CE /* MyTableViewViewController.h */,
				28836A8C1ADCE1E1009F59CE /* MyTableViewViewController.m */,
				28836A8E1ADCE247009F59CE /* ArrayDataSource.h */,
				28836A8F1ADCE247009F59CE /* ArrayDataSource.m */,
				28836A911ADCE619009F59CE /* MyTableViewCell.h */,
				28836A921ADCE619009F59CE /* MyTableViewCell.m */,
				28836A941ADCE6DB009F59CE /* UserModel.h */,
				28836A951ADCE6DB009F59CE /* UserModel.m */,
				28836A981ADCF423009F59CE /* MyTableViewCell+ConfigCellWithUserModel.h */,
				28836A991ADCF423009F59CE /* MyTableViewCell+ConfigCellWithUserModel.m */,
			);
			name = "tableView精简";
			sourceTree = "<group>";
		};
		28836AA01ADDF3B5009F59CE /* UILabel自适应大小 */ = {
			isa = PBXGroup;
			children = (
				28836AA11ADDF3DA009F59CE /* LabelAutoFitViewController.h */,
				28836AA21ADDF3DA009F59CE /* LabelAutoFitViewController.m */,
			);
			name = "UILabel自适应大小";
			sourceTree = "<group>";
		};
		28836AA41ADDFC00009F59CE /* 显示和隐藏ToolBar */ = {
			isa = PBXGroup;
			children = (
				28836AA51ADDFC4C009F59CE /* ToolBarViewController.h */,
				28836AA61ADDFC4C009F59CE /* ToolBarViewController.m */,
			);
			name = "显示和隐藏ToolBar";
			sourceTree = "<group>";
		};
		28E4B0FE1A6A2B400015D0D8 = {
			isa = PBXGroup;
			children = (
				28B24B031A8DF04000472342 /* JavaScriptCore.framework */,
				289020731A8B69F000515E12 /* OpenGLES.framework */,
				28B525FE1A8B4A15003485CE /* CoreGraphics.framework */,
				28B525FC1A8B4A0B003485CE /* QuartzCore.framework */,
				28B525FA1A8B4A02003485CE /* CFNetwork.framework */,
				28B525F81A8B49F7003485CE /* libz.dylib */,
				28E4B1091A6A2B400015D0D8 /* test4 */,
				28E4B1231A6A2B400015D0D8 /* test4Tests */,
				28E4B1081A6A2B400015D0D8 /* Products */,
				7ED08ADD2C652113251B276C /* Pods */,
				0231600BEB99098D2A530F92 /* Frameworks */,
			);
			sourceTree = "<group>";
		};
		28E4B1081A6A2B400015D0D8 /* Products */ = {
			isa = PBXGroup;
			children = (
				28E4B1071A6A2B400015D0D8 /* test4.app */,
				28E4B1201A6A2B400015D0D8 /* test4Tests.xctest */,
			);
			name = Products;
			sourceTree = "<group>";
		};
		28E4B1091A6A2B400015D0D8 /* test4 */ = {
			isa = PBXGroup;
			children = (
				284EA3721AE7318E00E4750F /* runtime例子 */,
				284EA3611AE4D6F800E4750F /* 自定义转场动画 */,
				284EA3571AE488CC00E4750F /* AutoLayoutWithTableView */,
				28836AA41ADDFC00009F59CE /* 显示和隐藏ToolBar */,
				28836AA01ADDF3B5009F59CE /* UILabel自适应大小 */,
				28836A8A1ADCE1BC009F59CE /* tableView精简 */,
				286150681AA82C6700E502C8 /* Masonry例子 */,
				28EA23CA1AA58E1E00FBC8DB /* AutoLayout */,
				287087EE1A89F35200E04D33 /* CALayer动画 */,
				283457561A85C0B400A05BC8 /* network */,
				2834574F1A830C2C00A05BC8 /* clircle */,
				283457481A82004200A05BC8 /* UIDynamics */,
				283457321A80CC6100A05BC8 /* coreImage */,
				283457281A80755D00A05BC8 /* textkit */,
				28E4B10E1A6A2B400015D0D8 /* AppDelegate.h */,
				28E4B10F1A6A2B400015D0D8 /* AppDelegate.m */,
				28D0C98A1A7B2182003767DF /* TestImagePickerViewController.h */,
				28D0C98B1A7B2182003767DF /* TestImagePickerViewController.m */,
				283745E41A7B265100C1522A /* FirstViewController.h */,
				283745E51A7B265100C1522A /* FirstViewController.m */,
				285D12981A77584D005F1A60 /* UIScrollView+Circle.h */,
				285D12991A77584D005F1A60 /* UIScrollView+Circle.m */,
				280EF6E61A7889BE00EEA19A /* TestTableViewViewController.h */,
				280EF6E71A7889BE00EEA19A /* TestTableViewViewController.m */,
				280BA79F1A772CDE00CF0BCA /* TestScrollViewViewController.h */,
				280BA7A01A772CDE00CF0BCA /* TestScrollViewViewController.m */,
				286462CC1A71F9DD0051A3AC /* ImageFilterViewController.h */,
				286462CD1A71F9DD0051A3AC /* ImageFilterViewController.m */,
				286462BC1A6E559E0051A3AC /* ScreenShotViewController.h */,
				286462BD1A6E559E0051A3AC /* ScreenShotViewController.m */,
				28E4B1111A6A2B400015D0D8 /* ViewController.h */,
				28E4B1121A6A2B400015D0D8 /* ViewController.m */,
				28E4B1171A6A2B400015D0D8 /* Images.xcassets */,
				28E4B10A1A6A2B400015D0D8 /* Supporting Files */,
				2834574C1A8229AC00A05BC8 /* MyView.h */,
				2834574D1A8229AC00A05BC8 /* MyView.m */,
			);
			path = test4;
			sourceTree = "<group>";
		};
		28E4B10A1A6A2B400015D0D8 /* Supporting Files */ = {
			isa = PBXGroup;
			children = (
				28B525F51A8B4716003485CE /* libReveal.dylib */,
				28B525F31A8B43A9003485CE /* Reveal.framework */,
				283457221A806D4800A05BC8 /* test.html */,
				283457261A806F7E00A05BC8 /* hufeng.png */,
				283457241A806F7700A05BC8 /* taobao.gif */,
				285D12921A77343D005F1A60 /* 1.png */,
				285D12931A77343D005F1A60 /* 2.png */,
				286462CF1A71FE1F0051A3AC /* 3.png */,
				285D12961A7756FD005F1A60 /* 4.png */,
				28E4B1361A6A33280015D0D8 /* b@2x.png */,
				28E4B1381A6A33C50015D0D8 /* c@2x.png */,
				28E4B1341A6A32050015D0D8 /* Default-375w-667h@2x.png */,
				28E4B1301A6A2E300015D0D8 /* a@2x.png */,
				28E4B10B1A6A2B400015D0D8 /* Info.plist */,
				28E4B10C1A6A2B400015D0D8 /* main.m */,
				28836AA81ADE3F85009F59CE /* test4.pch */,
			);
			name = "Supporting Files";
			sourceTree = "<group>";
		};
		28E4B1231A6A2B400015D0D8 /* test4Tests */ = {
			isa = PBXGroup;
			children = (
				28E4B1261A6A2B400015D0D8 /* test4Tests.m */,
				28E4B1241A6A2B400015D0D8 /* Supporting Files */,
			);
			path = test4Tests;
			sourceTree = "<group>";
		};
		28E4B1241A6A2B400015D0D8 /* Supporting Files */ = {
			isa = PBXGroup;
			children = (
				28E4B1251A6A2B400015D0D8 /* Info.plist */,
			);
			name = "Supporting Files";
			sourceTree = "<group>";
		};
		28EA23CA1AA58E1E00FBC8DB /* AutoLayout */ = {
			isa = PBXGroup;
			children = (
				28EA23CB1AA58E4000FBC8DB /* AutoLayoutViewController.h */,
				28EA23CC1AA58E4000FBC8DB /* AutoLayoutViewController.m */,
			);
			name = AutoLayout;
			sourceTree = "<group>";
		};
		7ED08ADD2C652113251B276C /* Pods */ = {
			isa = PBXGroup;
			children = (
				9A76057C1632FFC4DB7308EE /* Pods.debug.xcconfig */,
				23573E5FC435C7A793F49C25 /* Pods.release.xcconfig */,
			);
			name = Pods;
			sourceTree = "<group>";
		};
/* End PBXGroup section */

/* Begin PBXNativeTarget section */
		28E4B1061A6A2B400015D0D8 /* test4 */ = {
			isa = PBXNativeTarget;
			buildConfigurationList = 28E4B12A1A6A2B400015D0D8 /* Build configuration list for PBXNativeTarget "test4" */;
			buildPhases = (
				2C264F766268E5E0EF5B7FD6 /* Check Pods Manifest.lock */,
				28E4B1031A6A2B400015D0D8 /* Sources */,
				28E4B1041A6A2B400015D0D8 /* Frameworks */,
				28E4B1051A6A2B400015D0D8 /* Resources */,
				B94BB9B0B34CBE48B6177086 /* Copy Pods Resources */,
			);
			buildRules = (
			);
			dependencies = (
			);
			name = test4;
			productName = test4;
			productReference = 28E4B1071A6A2B400015D0D8 /* test4.app */;
			productType = "com.apple.product-type.application";
		};
		28E4B11F1A6A2B400015D0D8 /* test4Tests */ = {
			isa = PBXNativeTarget;
			buildConfigurationList = 28E4B12D1A6A2B400015D0D8 /* Build configuration list for PBXNativeTarget "test4Tests" */;
			buildPhases = (
				28E4B11C1A6A2B400015D0D8 /* Sources */,
				28E4B11D1A6A2B400015D0D8 /* Frameworks */,
				28E4B11E1A6A2B400015D0D8 /* Resources */,
			);
			buildRules = (
			);
			dependencies = (
				28E4B1221A6A2B400015D0D8 /* PBXTargetDependency */,
			);
			name = test4Tests;
			productName = test4Tests;
			productReference = 28E4B1201A6A2B400015D0D8 /* test4Tests.xctest */;
			productType = "com.apple.product-type.bundle.unit-test";
		};
/* End PBXNativeTarget section */

/* Begin PBXProject section */
		28E4B0FF1A6A2B400015D0D8 /* Project object */ = {
			isa = PBXProject;
			attributes = {
				LastUpgradeCheck = 0610;
				ORGANIZATIONNAME = onlylady;
				TargetAttributes = {
					28E4B1061A6A2B400015D0D8 = {
						CreatedOnToolsVersion = 6.1;
					};
					28E4B11F1A6A2B400015D0D8 = {
						CreatedOnToolsVersion = 6.1;
						TestTargetID = 28E4B1061A6A2B400015D0D8;
					};
				};
			};
			buildConfigurationList = 28E4B1021A6A2B400015D0D8 /* Build configuration list for PBXProject "test4" */;
			compatibilityVersion = "Xcode 3.2";
			developmentRegion = English;
			hasScannedForEncodings = 0;
			knownRegions = (
				en,
				Base,
			);
			mainGroup = 28E4B0FE1A6A2B400015D0D8;
			productRefGroup = 28E4B1081A6A2B400015D0D8 /* Products */;
			projectDirPath = "";
			projectRoot = "";
			targets = (
				28E4B1061A6A2B400015D0D8 /* test4 */,
				28E4B11F1A6A2B400015D0D8 /* test4Tests */,
			);
		};
/* End PBXProject section */

/* Begin PBXResourcesBuildPhase section */
		28E4B1051A6A2B400015D0D8 /* Resources */ = {
			isa = PBXResourcesBuildPhase;
			buildActionMask = 2147483647;
			files = (
				28B525F71A8B4928003485CE /* libReveal.dylib in Resources */,
				285D12941A77343D005F1A60 /* 1.png in Resources */,
				285D12951A77343D005F1A60 /* 2.png in Resources */,
				285D12971A7756FD005F1A60 /* 4.png in Resources */,
				286462D01A71FE1F0051A3AC /* 3.png in Resources */,
				28E4B1181A6A2B400015D0D8 /* Images.xcassets in Resources */,
				283457251A806F7700A05BC8 /* taobao.gif in Resources */,
				283457271A806F7E00A05BC8 /* hufeng.png in Resources */,
				28E4B1391A6A33C50015D0D8 /* c@2x.png in Resources */,
				28E4B1311A6A2E300015D0D8 /* a@2x.png in Resources */,
				28E4B1351A6A32050015D0D8 /* Default-375w-667h@2x.png in Resources */,
				283457231A806D4800A05BC8 /* test.html in Resources */,
				28E4B1371A6A33280015D0D8 /* b@2x.png in Resources */,
			);
			runOnlyForDeploymentPostprocessing = 0;
		};
		28E4B11E1A6A2B400015D0D8 /* Resources */ = {
			isa = PBXResourcesBuildPhase;
			buildActionMask = 2147483647;
			files = (
			);
			runOnlyForDeploymentPostprocessing = 0;
		};
/* End PBXResourcesBuildPhase section */

/* Begin PBXShellScriptBuildPhase section */
		2C264F766268E5E0EF5B7FD6 /* Check Pods Manifest.lock */ = {
			isa = PBXShellScriptBuildPhase;
			buildActionMask = 2147483647;
			files = (
			);
			inputPaths = (
			);
			name = "Check Pods Manifest.lock";
			outputPaths = (
			);
			runOnlyForDeploymentPostprocessing = 0;
			shellPath = /bin/sh;
			shellScript = "diff \"${PODS_ROOT}/../Podfile.lock\" \"${PODS_ROOT}/Manifest.lock\" > /dev/null\nif [[ $? != 0 ]] ; then\n    cat << EOM\nerror: The sandbox is not in sync with the Podfile.lock. Run 'pod install' or update your CocoaPods installation.\nEOM\n    exit 1\nfi\n";
			showEnvVarsInLog = 0;
		};
		B94BB9B0B34CBE48B6177086 /* Copy Pods Resources */ = {
			isa = PBXShellScriptBuildPhase;
			buildActionMask = 2147483647;
			files = (
			);
			inputPaths = (
			);
			name = "Copy Pods Resources";
			outputPaths = (
			);
			runOnlyForDeploymentPostprocessing = 0;
			shellPath = /bin/sh;
			shellScript = "\"${SRCROOT}/Pods/Target Support Files/Pods/Pods-resources.sh\"\n";
			showEnvVarsInLog = 0;
		};
/* End PBXShellScriptBuildPhase section */

/* Begin PBXSourcesBuildPhase section */
		28E4B1031A6A2B400015D0D8 /* Sources */ = {
			isa = PBXSourcesBuildPhase;
			buildActionMask = 2147483647;
			files = (
				283457351A80CC7E00A05BC8 /* MyImageFilterViewController.m in Sources */,
				284EA37E1AE73D3100E4750F /* SwizzleViewController.m in Sources */,
				28836A931ADCE619009F59CE /* MyTableViewCell.m in Sources */,
				284EA35D1AE48F2200E4750F /* AWTTableViewCell.m in Sources */,
				284EA3751AE731CB00E4750F /* RunTimeViewController.m in Sources */,
				28E4B1131A6A2B400015D0D8 /* ViewController.m in Sources */,
				2834574E1A8229AC00A05BC8 /* MyView.m in Sources */,
				284EA36A1AE4DA5600E4750F /* RotationPresentAnimation.m in Sources */,
				28836AA71ADDFC4C009F59CE /* ToolBarViewController.m in Sources */,
				28EA23CD1AA58E4000FBC8DB /* AutoLayoutViewController.m in Sources */,
				28E4B1101A6A2B400015D0D8 /* AppDelegate.m in Sources */,
				283457521A830C7400A05BC8 /* CircleView.m in Sources */,
				2834573D1A80DD7D00A05BC8 /* ShowFilterImageViewController.m in Sources */,
				284EA3671AE4D74D00E4750F /* SecondTransitionViewController.m in Sources */,
				284EA3641AE4D74000E4750F /* RootTransitionViewController.m in Sources */,
				2834572E1A80811100A05BC8 /* MyTextView.m in Sources */,
				283457591A85C0C800A05BC8 /* TestNetWorkViewController.m in Sources */,
				280EF6E81A7889BE00EEA19A /* TestTableViewViewController.m in Sources */,
				2861508C1AA830B100E502C8 /* MasonryViewController.m in Sources */,
				285D129A1A77584D005F1A60 /* UIScrollView+Circle.m in Sources */,
				2834574B1A82006F00A05BC8 /* UIDynamicsViewController.m in Sources */,
				28836A961ADCE6DB009F59CE /* UserModel.m in Sources */,
				283457551A830DFF00A05BC8 /* TestQuarzViewController.m in Sources */,
				286462BE1A6E559E0051A3AC /* ScreenShotViewController.m in Sources */,
				2834572B1A80757E00A05BC8 /* MyTextAttachment.m in Sources */,
				28836AA31ADDF3DA009F59CE /* LabelAutoFitViewController.m in Sources */,
				283457211A806C7A00A05BC8 /* TestKitViewController.m in Sources */,
				28B24B071A8DFC5600472342 /* MyImageView.m in Sources */,
				28836A901ADCE247009F59CE /* ArrayDataSource.m in Sources */,
				286462CE1A71F9DD0051A3AC /* ImageFilterViewController.m in Sources */,
				28D0C98C1A7B2182003767DF /* TestImagePickerViewController.m in Sources */,
				283745E61A7B265100C1522A /* FirstViewController.m in Sources */,
				2834573A1A80D60700A05BC8 /* SecondFilterViewController.m in Sources */,
				280BA7A11A772CDE00CF0BCA /* TestScrollViewViewController.m in Sources */,
				28E4B10D1A6A2B400015D0D8 /* main.m in Sources */,
				284EA3781AE73C2200E4750F /* UIViewController+Logging.m in Sources */,
				28836A8D1ADCE1E1009F59CE /* MyTableViewViewController.m in Sources */,
				28836A9A1ADCF423009F59CE /* MyTableViewCell+ConfigCellWithUserModel.m in Sources */,
				287087F11A89F39800E04D33 /* AnimationViewController.m in Sources */,
				284EA35A1AE4891400E4750F /* AWTViewController.m in Sources */,
			);
			runOnlyForDeploymentPostprocessing = 0;
		};
		28E4B11C1A6A2B400015D0D8 /* Sources */ = {
			isa = PBXSourcesBuildPhase;
			buildActionMask = 2147483647;
			files = (
				28E4B1271A6A2B400015D0D8 /* test4Tests.m in Sources */,
			);
			runOnlyForDeploymentPostprocessing = 0;
		};
/* End PBXSourcesBuildPhase section */

/* Begin PBXTargetDependency section */
		28E4B1221A6A2B400015D0D8 /* PBXTargetDependency */ = {
			isa = PBXTargetDependency;
			target = 28E4B1061A6A2B400015D0D8 /* test4 */;
			targetProxy = 28E4B1211A6A2B400015D0D8 /* PBXContainerItemProxy */;
		};
/* End PBXTargetDependency section */

/* Begin XCBuildConfiguration section */
		28E4B1281A6A2B400015D0D8 /* Debug */ = {
			isa = XCBuildConfiguration;
			buildSettings = {
				ALWAYS_SEARCH_USER_PATHS = NO;
				ARCHS = "$(ARCHS_STANDARD)";
				CLANG_CXX_LANGUAGE_STANDARD = "gnu++0x";
				CLANG_CXX_LIBRARY = "libc++";
				CLANG_ENABLE_MODULES = YES;
				CLANG_ENABLE_OBJC_ARC = YES;
				CLANG_WARN_BOOL_CONVERSION = YES;
				CLANG_WARN_CONSTANT_CONVERSION = YES;
				CLANG_WARN_DIRECT_OBJC_ISA_USAGE = YES_ERROR;
				CLANG_WARN_EMPTY_BODY = YES;
				CLANG_WARN_ENUM_CONVERSION = YES;
				CLANG_WARN_INT_CONVERSION = YES;
				CLANG_WARN_OBJC_ROOT_CLASS = YES_ERROR;
				CLANG_WARN_UNREACHABLE_CODE = YES;
				CLANG_WARN__DUPLICATE_METHOD_MATCH = YES;
				"CODE_SIGN_IDENTITY[sdk=iphoneos*]" = "iPhone Developer";
				COPY_PHASE_STRIP = NO;
				ENABLE_STRICT_OBJC_MSGSEND = NO;
				GCC_C_LANGUAGE_STANDARD = gnu99;
				GCC_DYNAMIC_NO_PIC = NO;
				GCC_OPTIMIZATION_LEVEL = 0;
				GCC_PREPROCESSOR_DEFINITIONS = (
					"DEBUG=1",
					"$(inherited)",
				);
				GCC_SYMBOLS_PRIVATE_EXTERN = NO;
				GCC_WARN_64_TO_32_BIT_CONVERSION = YES;
				GCC_WARN_ABOUT_RETURN_TYPE = YES_ERROR;
				GCC_WARN_UNDECLARED_SELECTOR = YES;
				GCC_WARN_UNINITIALIZED_AUTOS = YES_AGGRESSIVE;
				GCC_WARN_UNUSED_FUNCTION = YES;
				GCC_WARN_UNUSED_VARIABLE = YES;
				IPHONEOS_DEPLOYMENT_TARGET = 8.1;
				MTL_ENABLE_DEBUG_INFO = YES;
				ONLY_ACTIVE_ARCH = NO;
				SDKROOT = iphoneos;
				VALID_ARCHS = "armv7 armv7s arm64";
			};
			name = Debug;
		};
		28E4B1291A6A2B400015D0D8 /* Release */ = {
			isa = XCBuildConfiguration;
			buildSettings = {
				ALWAYS_SEARCH_USER_PATHS = NO;
				ARCHS = "$(ARCHS_STANDARD)";
				CLANG_CXX_LANGUAGE_STANDARD = "gnu++0x";
				CLANG_CXX_LIBRARY = "libc++";
				CLANG_ENABLE_MODULES = YES;
				CLANG_ENABLE_OBJC_ARC = YES;
				CLANG_WARN_BOOL_CONVERSION = YES;
				CLANG_WARN_CONSTANT_CONVERSION = YES;
				CLANG_WARN_DIRECT_OBJC_ISA_USAGE = YES_ERROR;
				CLANG_WARN_EMPTY_BODY = YES;
				CLANG_WARN_ENUM_CONVERSION = YES;
				CLANG_WARN_INT_CONVERSION = YES;
				CLANG_WARN_OBJC_ROOT_CLASS = YES_ERROR;
				CLANG_WARN_UNREACHABLE_CODE = YES;
				CLANG_WARN__DUPLICATE_METHOD_MATCH = YES;
				"CODE_SIGN_IDENTITY[sdk=iphoneos*]" = "iPhone Developer";
				COPY_PHASE_STRIP = YES;
				ENABLE_NS_ASSERTIONS = NO;
				ENABLE_STRICT_OBJC_MSGSEND = NO;
				GCC_C_LANGUAGE_STANDARD = gnu99;
				GCC_WARN_64_TO_32_BIT_CONVERSION = YES;
				GCC_WARN_ABOUT_RETURN_TYPE = YES_ERROR;
				GCC_WARN_UNDECLARED_SELECTOR = YES;
				GCC_WARN_UNINITIALIZED_AUTOS = YES_AGGRESSIVE;
				GCC_WARN_UNUSED_FUNCTION = YES;
				GCC_WARN_UNUSED_VARIABLE = YES;
				IPHONEOS_DEPLOYMENT_TARGET = 8.1;
				MTL_ENABLE_DEBUG_INFO = NO;
				SDKROOT = iphoneos;
				VALIDATE_PRODUCT = YES;
				VALID_ARCHS = "armv7 armv7s arm64";
			};
			name = Release;
		};
		28E4B12B1A6A2B400015D0D8 /* Debug */ = {
			isa = XCBuildConfiguration;
			baseConfigurationReference = 9A76057C1632FFC4DB7308EE /* Pods.debug.xcconfig */;
			buildSettings = {
				ARCHS = "$(ARCHS_STANDARD)";
				ASSETCATALOG_COMPILER_APPICON_NAME = AppIcon;
				ASSETCATALOG_COMPILER_LAUNCHIMAGE_NAME = LaunchImage;
				CODE_SIGN_IDENTITY = "iPhone Developer: 1 1 (X5KTFTX9Q4)";
				ENABLE_STRICT_OBJC_MSGSEND = NO;
				FRAMEWORK_SEARCH_PATHS = (
					"$(inherited)",
					"$(PROJECT_DIR)/test4",
				);
				GCC_PRECOMPILE_PREFIX_HEADER = YES;
				GCC_PREFIX_HEADER = "$(SRCROOT)/test4/test4.pch";
				INFOPLIST_FILE = test4/Info.plist;
				IPHONEOS_DEPLOYMENT_TARGET = 6.0;
				LD_RUNPATH_SEARCH_PATHS = "$(inherited) @executable_path/Frameworks";
				LIBRARY_SEARCH_PATHS = (
					"$(inherited)",
					"$(PROJECT_DIR)/test4",
				);
				ONLY_ACTIVE_ARCH = YES;
				OTHER_LDFLAGS = (
					"-ObjC",
					"-lz",
					"-framework",
					Reveal,
					"$(inherited)",
				);
				"OTHER_LDFLAGS[arch=*]" = (
					"-ObjC",
					"-framework",
					Reveal,
					"$(inherited)",
				);
				PRODUCT_NAME = "$(TARGET_NAME)";
				PROVISIONING_PROFILE = "acd99dd1-5488-4181-bfa5-7f79ce48e686";
				VALID_ARCHS = "armv7 armv7s arm64";
			};
			name = Debug;
		};
		28E4B12C1A6A2B400015D0D8 /* Release */ = {
			isa = XCBuildConfiguration;
			baseConfigurationReference = 23573E5FC435C7A793F49C25 /* Pods.release.xcconfig */;
			buildSettings = {
				ARCHS = "$(ARCHS_STANDARD)";
				ASSETCATALOG_COMPILER_APPICON_NAME = AppIcon;
				ASSETCATALOG_COMPILER_LAUNCHIMAGE_NAME = LaunchImage;
				CODE_SIGN_IDENTITY = "iPhone Developer: 1 1 (X5KTFTX9Q4)";
				ENABLE_STRICT_OBJC_MSGSEND = NO;
				FRAMEWORK_SEARCH_PATHS = (
					"$(inherited)",
					"$(PROJECT_DIR)/test4",
				);
				GCC_PRECOMPILE_PREFIX_HEADER = YES;
				GCC_PREFIX_HEADER = "$(SRCROOT)/test4/test4.pch";
				INFOPLIST_FILE = test4/Info.plist;
				IPHONEOS_DEPLOYMENT_TARGET = 6.0;
				LD_RUNPATH_SEARCH_PATHS = "$(inherited) @executable_path/Frameworks";
				LIBRARY_SEARCH_PATHS = (
					"$(inherited)",
					"$(PROJECT_DIR)/test4",
				);
				ONLY_ACTIVE_ARCH = YES;
				PRODUCT_NAME = "$(TARGET_NAME)";
				PROVISIONING_PROFILE = "acd99dd1-5488-4181-bfa5-7f79ce48e686";
				VALID_ARCHS = "armv7 armv7s arm64";
			};
			name = Release;
		};
		28E4B12E1A6A2B400015D0D8 /* Debug */ = {
			isa = XCBuildConfiguration;
			buildSettings = {
				BUNDLE_LOADER = "$(TEST_HOST)";
				FRAMEWORK_SEARCH_PATHS = (
					"$(SDKROOT)/Developer/Library/Frameworks",
					"$(inherited)",
				);
				GCC_PREPROCESSOR_DEFINITIONS = (
					"DEBUG=1",
					"$(inherited)",
				);
				INFOPLIST_FILE = test4Tests/Info.plist;
				LD_RUNPATH_SEARCH_PATHS = "$(inherited) @executable_path/Frameworks @loader_path/Frameworks";
				PRODUCT_NAME = "$(TARGET_NAME)";
				TEST_HOST = "$(BUILT_PRODUCTS_DIR)/test4.app/test4";
			};
			name = Debug;
		};
		28E4B12F1A6A2B400015D0D8 /* Release */ = {
			isa = XCBuildConfiguration;
			buildSettings = {
				BUNDLE_LOADER = "$(TEST_HOST)";
				FRAMEWORK_SEARCH_PATHS = (
					"$(SDKROOT)/Developer/Library/Frameworks",
					"$(inherited)",
				);
				INFOPLIST_FILE = test4Tests/Info.plist;
				LD_RUNPATH_SEARCH_PATHS = "$(inherited) @executable_path/Frameworks @loader_path/Frameworks";
				PRODUCT_NAME = "$(TARGET_NAME)";
				TEST_HOST = "$(BUILT_PRODUCTS_DIR)/test4.app/test4";
			};
			name = Release;
		};
/* End XCBuildConfiguration section */

/* Begin XCConfigurationList section */
		28E4B1021A6A2B400015D0D8 /* Build configuration list for PBXProject "test4" */ = {
			isa = XCConfigurationList;
			buildConfigurations = (
				28E4B1281A6A2B400015D0D8 /* Debug */,
				28E4B1291A6A2B400015D0D8 /* Release */,
			);
			defaultConfigurationIsVisible = 0;
			defaultConfigurationName = Release;
		};
		28E4B12A1A6A2B400015D0D8 /* Build configuration list for PBXNativeTarget "test4" */ = {
			isa = XCConfigurationList;
			buildConfigurations = (
				28E4B12B1A6A2B400015D0D8 /* Debug */,
				28E4B12C1A6A2B400015D0D8 /* Release */,
			);
			defaultConfigurationIsVisible = 0;
			defaultConfigurationName = Release;
		};
		28E4B12D1A6A2B400015D0D8 /* Build configuration list for PBXNativeTarget "test4Tests" */ = {
			isa = XCConfigurationList;
			buildConfigurations = (
				28E4B12E1A6A2B400015D0D8 /* Debug */,
				28E4B12F1A6A2B400015D0D8 /* Release */,
			);
			defaultConfigurationIsVisible = 0;
			defaultConfigurationName = Release;
		};
/* End XCConfigurationList section */
	};
	rootObject = 28E4B0FF1A6A2B400015D0D8 /* Project object */;
}
